
Microsoft Visual Studio Solution File, Format Version 12.00
# Visual Studio 15
VisualStudioVersion = 15.0.26124.0
MinimumVisualStudioVersion = 15.0.26124.0
Project("{FAE04EC0-301F-11D3-BF4B-00C04F79EFBC}") = "dotnet-code-challenge", "dotnet-code-challenge\dotnet-code-challenge.csproj", "{D90494E5-D825-4780-8DFB-E1BB9E5FB502}"
EndProject
Project("{FAE04EC0-301F-11D3-BF4B-00C04F79EFBC}") = "dotnet-code-challenge.Test", "dotnet-code-challenge.Test\dotnet-code-challenge.Test.csproj", "{CA4D1C2C-0D62-4D51-8D82-336435F8EBCF}"
EndProject
Global
	GlobalSection(SolutionConfigurationPlatforms) = preSolution
		Debug|Any CPU = Debug|Any CPU
		Debug|x64 = Debug|x64
		Debug|x86 = Debug|x86
		Release|Any CPU = Release|Any CPU
		Release|x64 = Release|x64
		Release|x86 = Release|x86
	EndGlobalSection
	GlobalSection(SolutionProperties) = preSolution
		HideSolutionNode = FALSE
	EndGlobalSection
	GlobalSection(ProjectConfigurationPlatforms) = postSolution
		{D90494E5-D825-4780-8DFB-E1BB9E5FB502}.Debug|Any CPU.ActiveCfg = Debug|Any CPU
		{D90494E5-D825-4780-8DFB-E1BB9E5FB502}.Debug|Any CPU.Build.0 = Debug|Any CPU
		{D90494E5-D825-4780-8DFB-E1BB9E5FB502}.Debug|x64.ActiveCfg = Debug|Any CPU
		{D90494E5-D825-4780-8DFB-E1BB9E5FB502}.Debug|x64.Build.0 = Debug|Any CPU
		{D90494E5-D825-4780-8DFB-E1BB9E5FB502}.Debug|x86.ActiveCfg = Debug|Any CPU
		{D90494E5-D825-4780-8DFB-E1BB9E5FB502}.Debug|x86.Build.0 = Debug|Any CPU
		{D90494E5-D825-4780-8DFB-E1BB9E5FB502}.Release|Any CPU.ActiveCfg = Release|Any CPU
		{D90494E5-D825-4780-8DFB-E1BB9E5FB502}.Release|Any CPU.Build.0 = Release|Any CPU
		{D90494E5-D825-4780-8DFB-E1BB9E5FB502}.Release|x64.ActiveCfg = Release|Any CPU
		{D90494E5-D825-4780-8DFB-E1BB9E5FB502}.Release|x64.Build.0 = Release|Any CPU
		{D90494E5-D825-4780-8DFB-E1BB9E5FB502}.Release|x86.ActiveCfg = Release|Any CPU
		{D90494E5-D825-4780-8DFB-E1BB9E5FB502}.Release|x86.Build.0 = Release|Any CPU
		{CA4D1C2C-0D62-4D51-8D82-336435F8EBCF}.Debug|Any CPU.ActiveCfg = Debug|Any CPU
		{CA4D1C2C-0D62-4D51-8D82-336435F8EBCF}.Debug|Any CPU.Build.0 = Debug|Any CPU
		{CA4D1C2C-0D62-4D51-8D82-336435F8EBCF}.Debug|x64.ActiveCfg = Debug|Any CPU
		{CA4D1C2C-0D62-4D51-8D82-336435F8EBCF}.Debug|x64.Build.0 = Debug|Any CPU
		{CA4D1C2C-0D62-4D51-8D82-336435F8EBCF}.Debug|x86.ActiveCfg = Debug|Any CPU
		{CA4D1C2C-0D62-4D51-8D82-336435F8EBCF}.Debug|x86.Build.0 = Debug|Any CPU
		{CA4D1C2C-0D62-4D51-8D82-336435F8EBCF}.Release|Any CPU.ActiveCfg = Release|Any CPU
		{CA4D1C2C-0D62-4D51-8D82-336435F8EBCF}.Release|Any CPU.Build.0 = Release|Any CPU
		{CA4D1C2C-0D62-4D51-8D82-336435F8EBCF}.Release|x64.ActiveCfg = Release|Any CPU
		{CA4D1C2C-0D62-4D51-8D82-336435F8EBCF}.Release|x64.Build.0 = Release|Any CPU
		{CA4D1C2C-0D62-4D51-8D82-336435F8EBCF}.Release|x86.ActiveCfg = Release|Any CPU
		{CA4D1C2C-0D62-4D51-8D82-336435F8EBCF}.Release|x86.Build.0 = Release|Any CPU
	EndGlobalSection
EndGlobal
